// !$*UTF8*$!
{
	archiveVersion = 1;
	classes = {
	};
	objectVersion = 56;
	objects = {

/* Begin PBXBuildFile section */
		54860D4C2B0C3BE700734E63 /* MainApp.swift in Sources */ = {isa = PBXBuildFile; fileRef = 54860D4B2B0C3BE700734E63 /* MainApp.swift */; };
		54860D4E2B0C3BE700734E63 /* AnimationPlayerView.swift in Sources */ = {isa = PBXBuildFile; fileRef = 54860D4D2B0C3BE700734E63 /* AnimationPlayerView.swift */; };
		54860D502B0C3BE800734E63 /* Assets.xcassets in Resources */ = {isa = PBXBuildFile; fileRef = 54860D4F2B0C3BE800734E63 /* Assets.xcassets */; };
		54860D532B0C3BE800734E63 /* Preview Assets.xcassets in Resources */ = {isa = PBXBuildFile; fileRef = 54860D522B0C3BE800734E63 /* Preview Assets.xcassets */; };
		54860D602B0C532B00734E63 /* MovieDocument.swift in Sources */ = {isa = PBXBuildFile; fileRef = 54860D5F2B0C532B00734E63 /* MovieDocument.swift */; };
		54860D622B0C775200734E63 /* AnimationPlayer.swift in Sources */ = {isa = PBXBuildFile; fileRef = 54860D612B0C775200734E63 /* AnimationPlayer.swift */; };
		54860D642B0C7AE600734E63 /* VideoPlayerView.swift in Sources */ = {isa = PBXBuildFile; fileRef = 54860D632B0C7AE600734E63 /* VideoPlayerView.swift */; };
		5493E63F2B0F41A60075E997 /* ObserverToken.swift in Sources */ = {isa = PBXBuildFile; fileRef = 5493E63E2B0F41A60075E997 /* ObserverToken.swift */; };
/* End PBXBuildFile section */

/* Begin PBXFileReference section */
		54860D482B0C3BE700734E63 /* AnimationPlayer.app */ = {isa = PBXFileReference; explicitFileType = wrapper.application; includeInIndex = 0; path = AnimationPlayer.app; sourceTree = BUILT_PRODUCTS_DIR; };
		54860D4B2B0C3BE700734E63 /* MainApp.swift */ = {isa = PBXFileReference; lastKnownFileType = sourcecode.swift; path = MainApp.swift; sourceTree = "<group>"; };
		54860D4D2B0C3BE700734E63 /* AnimationPlayerView.swift */ = {isa = PBXFileReference; lastKnownFileType = sourcecode.swift; path = AnimationPlayerView.swift; sourceTree = "<group>"; };
		54860D4F2B0C3BE800734E63 /* Assets.xcassets */ = {isa = PBXFileReference; lastKnownFileType = folder.assetcatalog; path = Assets.xcassets; sourceTree = "<group>"; };
		54860D522B0C3BE800734E63 /* Preview Assets.xcassets */ = {isa = PBXFileReference; lastKnownFileType = folder.assetcatalog; path = "Preview Assets.xcassets"; sourceTree = "<group>"; };
		54860D5E2B0C433A00734E63 /* Info.plist */ = {isa = PBXFileReference; lastKnownFileType = text.plist.xml; path = Info.plist; sourceTree = "<group>"; };
		54860D5F2B0C532B00734E63 /* MovieDocument.swift */ = {isa = PBXFileReference; lastKnownFileType = sourcecode.swift; path = MovieDocument.swift; sourceTree = "<group>"; };
		54860D612B0C775200734E63 /* AnimationPlayer.swift */ = {isa = PBXFileReference; lastKnownFileType = sourcecode.swift; path = AnimationPlayer.swift; sourceTree = "<group>"; };
		54860D632B0C7AE600734E63 /* VideoPlayerView.swift */ = {isa = PBXFileReference; lastKnownFileType = sourcecode.swift; path = VideoPlayerView.swift; sourceTree = "<group>"; };
		5493E63E2B0F41A60075E997 /* ObserverToken.swift */ = {isa = PBXFileReference; lastKnownFileType = sourcecode.swift; path = ObserverToken.swift; sourceTree = "<group>"; };
/* End PBXFileReference section */

/* Begin PBXFrameworksBuildPhase section */
		54860D452B0C3BE700734E63 /* Frameworks */ = {
			isa = PBXFrameworksBuildPhase;
			buildActionMask = 2147483647;
			files = (
			);
			runOnlyForDeploymentPostprocessing = 0;
		};
/* End PBXFrameworksBuildPhase section */

/* Begin PBXGroup section */
		54860D3F2B0C3BE700734E63 = {
			isa = PBXGroup;
			children = (
				54860D4A2B0C3BE700734E63 /* AnimationPlayer */,
				54860D492B0C3BE700734E63 /* Products */,
			);
			sourceTree = "<group>";
		};
		54860D492B0C3BE700734E63 /* Products */ = {
			isa = PBXGroup;
			children = (
				54860D482B0C3BE700734E63 /* AnimationPlayer.app */,
			);
			name = Products;
			sourceTree = "<group>";
		};
		54860D4A2B0C3BE700734E63 /* AnimationPlayer */ = {
			isa = PBXGroup;
			children = (
				54860D5E2B0C433A00734E63 /* Info.plist */,
				54860D5B2B0C3BFA00734E63 /* Resources */,
				54860D5A2B0C3BF200734E63 /* Sources */,
			);
			path = AnimationPlayer;
			sourceTree = "<group>";
		};
		54860D512B0C3BE800734E63 /* Preview Content */ = {
			isa = PBXGroup;
			children = (
				54860D522B0C3BE800734E63 /* Preview Assets.xcassets */,
			);
			path = "Preview Content";
			sourceTree = "<group>";
		};
		54860D5A2B0C3BF200734E63 /* Sources */ = {
			isa = PBXGroup;
			children = (
				54860D612B0C775200734E63 /* AnimationPlayer.swift */,
				54860D4D2B0C3BE700734E63 /* AnimationPlayerView.swift */,
				54860D4B2B0C3BE700734E63 /* MainApp.swift */,
				54860D5F2B0C532B00734E63 /* MovieDocument.swift */,
				54860D632B0C7AE600734E63 /* VideoPlayerView.swift */,
				5493E63E2B0F41A60075E997 /* ObserverToken.swift */,
			);
			path = Sources;
			sourceTree = "<group>";
		};
		54860D5B2B0C3BFA00734E63 /* Resources */ = {
			isa = PBXGroup;
			children = (
				54860D4F2B0C3BE800734E63 /* Assets.xcassets */,
				54860D512B0C3BE800734E63 /* Preview Content */,
			);
			path = Resources;
			sourceTree = "<group>";
		};
/* End PBXGroup section */

/* Begin PBXNativeTarget section */
		54860D472B0C3BE700734E63 /* AnimationPlayer */ = {
			isa = PBXNativeTarget;
			buildConfigurationList = 54860D572B0C3BE800734E63 /* Build configuration list for PBXNativeTarget "AnimationPlayer" */;
			buildPhases = (
				54860D442B0C3BE700734E63 /* Sources */,
				54860D452B0C3BE700734E63 /* Frameworks */,
				54860D462B0C3BE700734E63 /* Resources */,
			);
			buildRules = (
			);
			dependencies = (
			);
			name = AnimationPlayer;
			productName = AnimationPlayer;
			productReference = 54860D482B0C3BE700734E63 /* AnimationPlayer.app */;
			productType = "com.apple.product-type.application";
		};
/* End PBXNativeTarget section */

/* Begin PBXProject section */
		54860D402B0C3BE700734E63 /* Project object */ = {
			isa = PBXProject;
			attributes = {
				BuildIndependentTargetsInParallel = 1;
				LastSwiftUpdateCheck = 1510;
				LastUpgradeCheck = 1510;
				TargetAttributes = {
					54860D472B0C3BE700734E63 = {
						CreatedOnToolsVersion = 15.1;
					};
				};
			};
			buildConfigurationList = 54860D432B0C3BE700734E63 /* Build configuration list for PBXProject "AnimationPlayer" */;
			compatibilityVersion = "Xcode 14.0";
			developmentRegion = en;
			hasScannedForEncodings = 0;
			knownRegions = (
				en,
				Base,
			);
			mainGroup = 54860D3F2B0C3BE700734E63;
			productRefGroup = 54860D492B0C3BE700734E63 /* Products */;
			projectDirPath = "";
			projectRoot = "";
			targets = (
				54860D472B0C3BE700734E63 /* AnimationPlayer */,
			);
		};
/* End PBXProject section */

/* Begin PBXResourcesBuildPhase section */
		54860D462B0C3BE700734E63 /* Resources */ = {
			isa = PBXResourcesBuildPhase;
			buildActionMask = 2147483647;
			files = (
				54860D532B0C3BE800734E63 /* Preview Assets.xcassets in Resources */,
				54860D502B0C3BE800734E63 /* Assets.xcassets in Resources */,
			);
			runOnlyForDeploymentPostprocessing = 0;
		};
/* End PBXResourcesBuildPhase section */

/* Begin PBXSourcesBuildPhase section */
		54860D442B0C3BE700734E63 /* Sources */ = {
			isa = PBXSourcesBuildPhase;
			buildActionMask = 2147483647;
			files = (
				54860D602B0C532B00734E63 /* MovieDocument.swift in Sources */,
				54860D622B0C775200734E63 /* AnimationPlayer.swift in Sources */,
				54860D4E2B0C3BE700734E63 /* AnimationPlayerView.swift in Sources */,
				54860D4C2B0C3BE700734E63 /* MainApp.swift in Sources */,
				54860D642B0C7AE600734E63 /* VideoPlayerView.swift in Sources */,
				5493E63F2B0F41A60075E997 /* ObserverToken.swift in Sources */,
			);
			runOnlyForDeploymentPostprocessing = 0;
		};
/* End PBXSourcesBuildPhase section */

/* Begin XCBuildConfiguration section */
		54860D552B0C3BE800734E63 /* Debug */ = {
			isa = XCBuildConfiguration;
			buildSettings = {
				ALWAYS_SEARCH_USER_PATHS = NO;
				ASSETCATALOG_COMPILER_GENERATE_SWIFT_ASSET_SYMBOL_EXTENSIONS = YES;
				CLANG_ANALYZER_NONNULL = YES;
				CLANG_ANALYZER_NUMBER_OBJECT_CONVERSION = YES_AGGRESSIVE;
				CLANG_CXX_LANGUAGE_STANDARD = "gnu++20";
				CLANG_ENABLE_MODULES = YES;
				CLANG_ENABLE_OBJC_ARC = YES;
				CLANG_ENABLE_OBJC_WEAK = YES;
				CLANG_WARN_BLOCK_CAPTURE_AUTORELEASING = YES;
				CLANG_WARN_BOOL_CONVERSION = YES;
				CLANG_WARN_COMMA = YES;
				CLANG_WARN_CONSTANT_CONVERSION = YES;
				CLANG_WARN_DEPRECATED_OBJC_IMPLEMENTATIONS = YES;
				CLANG_WARN_DIRECT_OBJC_ISA_USAGE = YES_ERROR;
				CLANG_WARN_DOCUMENTATION_COMMENTS = YES;
				CLANG_WARN_EMPTY_BODY = YES;
				CLANG_WARN_ENUM_CONVERSION = YES;
				CLANG_WARN_INFINITE_RECURSION = YES;
				CLANG_WARN_INT_CONVERSION = YES;
				CLANG_WARN_NON_LITERAL_NULL_CONVERSION = YES;
				CLANG_WARN_OBJC_IMPLICIT_RETAIN_SELF = YES;
				CLANG_WARN_OBJC_LITERAL_CONVERSION = YES;
				CLANG_WARN_OBJC_ROOT_CLASS = YES_ERROR;
				CLANG_WARN_QUOTED_INCLUDE_IN_FRAMEWORK_HEADER = YES;
				CLANG_WARN_RANGE_LOOP_ANALYSIS = YES;
				CLANG_WARN_STRICT_PROTOTYPES = YES;
				CLANG_WARN_SUSPICIOUS_MOVE = YES;
				CLANG_WARN_UNGUARDED_AVAILABILITY = YES_AGGRESSIVE;
				CLANG_WARN_UNREACHABLE_CODE = YES;
				CLANG_WARN__DUPLICATE_METHOD_MATCH = YES;
				COPY_PHASE_STRIP = NO;
				DEBUG_INFORMATION_FORMAT = dwarf;
				ENABLE_STRICT_OBJC_MSGSEND = YES;
				ENABLE_TESTABILITY = YES;
				ENABLE_USER_SCRIPT_SANDBOXING = YES;
				GCC_C_LANGUAGE_STANDARD = gnu17;
				GCC_DYNAMIC_NO_PIC = NO;
				GCC_NO_COMMON_BLOCKS = YES;
				GCC_OPTIMIZATION_LEVEL = 0;
				GCC_PREPROCESSOR_DEFINITIONS = (
					"DEBUG=1",
					"$(inherited)",
				);
				GCC_WARN_64_TO_32_BIT_CONVERSION = YES;
				GCC_WARN_ABOUT_RETURN_TYPE = YES_ERROR;
				GCC_WARN_UNDECLARED_SELECTOR = YES;
				GCC_WARN_UNINITIALIZED_AUTOS = YES_AGGRESSIVE;
				GCC_WARN_UNUSED_FUNCTION = YES;
				GCC_WARN_UNUSED_VARIABLE = YES;
				LOCALIZATION_PREFERS_STRING_CATALOGS = YES;
				MACOSX_DEPLOYMENT_TARGET = 14.1;
				MTL_ENABLE_DEBUG_INFO = INCLUDE_SOURCE;
				MTL_FAST_MATH = YES;
				ONLY_ACTIVE_ARCH = YES;
				SDKROOT = macosx;
				SWIFT_ACTIVE_COMPILATION_CONDITIONS = "DEBUG $(inherited)";
				SWIFT_OPTIMIZATION_LEVEL = "-Onone";
			};
			name = Debug;
		};
		54860D562B0C3BE800734E63 /* Release */ = {
			isa = XCBuildConfiguration;
			buildSettings = {
				ALWAYS_SEARCH_USER_PATHS = NO;
				ASSETCATALOG_COMPILER_GENERATE_SWIFT_ASSET_SYMBOL_EXTENSIONS = YES;
				CLANG_ANALYZER_NONNULL = YES;
				CLANG_ANALYZER_NUMBER_OBJECT_CONVERSION = YES_AGGRESSIVE;
				CLANG_CXX_LANGUAGE_STANDARD = "gnu++20";
				CLANG_ENABLE_MODULES = YES;
				CLANG_ENABLE_OBJC_ARC = YES;
				CLANG_ENABLE_OBJC_WEAK = YES;
				CLANG_WARN_BLOCK_CAPTURE_AUTORELEASING = YES;
				CLANG_WARN_BOOL_CONVERSION = YES;
				CLANG_WARN_COMMA = YES;
				CLANG_WARN_CONSTANT_CONVERSION = YES;
				CLANG_WARN_DEPRECATED_OBJC_IMPLEMENTATIONS = YES;
				CLANG_WARN_DIRECT_OBJC_ISA_USAGE = YES_ERROR;
				CLANG_WARN_DOCUMENTATION_COMMENTS = YES;
				CLANG_WARN_EMPTY_BODY = YES;
				CLANG_WARN_ENUM_CONVERSION = YES;
				CLANG_WARN_INFINITE_RECURSION = YES;
				CLANG_WARN_INT_CONVERSION = YES;
				CLANG_WARN_NON_LITERAL_NULL_CONVERSION = YES;
				CLANG_WARN_OBJC_IMPLICIT_RETAIN_SELF = YES;
				CLANG_WARN_OBJC_LITERAL_CONVERSION = YES;
				CLANG_WARN_OBJC_ROOT_CLASS = YES_ERROR;
				CLANG_WARN_QUOTED_INCLUDE_IN_FRAMEWORK_HEADER = YES;
				CLANG_WARN_RANGE_LOOP_ANALYSIS = YES;
				CLANG_WARN_STRICT_PROTOTYPES = YES;
				CLANG_WARN_SUSPICIOUS_MOVE = YES;
				CLANG_WARN_UNGUARDED_AVAILABILITY = YES_AGGRESSIVE;
				CLANG_WARN_UNREACHABLE_CODE = YES;
				CLANG_WARN__DUPLICATE_METHOD_MATCH = YES;
				COPY_PHASE_STRIP = NO;
				DEBUG_INFORMATION_FORMAT = "dwarf-with-dsym";
				ENABLE_NS_ASSERTIONS = NO;
				ENABLE_STRICT_OBJC_MSGSEND = YES;
				ENABLE_USER_SCRIPT_SANDBOXING = YES;
				GCC_C_LANGUAGE_STANDARD = gnu17;
				GCC_NO_COMMON_BLOCKS = YES;
				GCC_WARN_64_TO_32_BIT_CONVERSION = YES;
				GCC_WARN_ABOUT_RETURN_TYPE = YES_ERROR;
				GCC_WARN_UNDECLARED_SELECTOR = YES;
				GCC_WARN_UNINITIALIZED_AUTOS = YES_AGGRESSIVE;
				GCC_WARN_UNUSED_FUNCTION = YES;
				GCC_WARN_UNUSED_VARIABLE = YES;
				LOCALIZATION_PREFERS_STRING_CATALOGS = YES;
				MACOSX_DEPLOYMENT_TARGET = 14.1;
				MTL_ENABLE_DEBUG_INFO = NO;
				MTL_FAST_MATH = YES;
				SDKROOT = macosx;
				SWIFT_COMPILATION_MODE = wholemodule;
			};
			name = Release;
		};
		54860D582B0C3BE800734E63 /* Debug */ = {
			isa = XCBuildConfiguration;
			buildSettings = {
				ASSETCATALOG_COMPILER_APPICON_NAME = AppIcon;
				ASSETCATALOG_COMPILER_GLOBAL_ACCENT_COLOR_NAME = AccentColor;
				CODE_SIGN_STYLE = Manual;
				COMBINE_HIDPI_IMAGES = YES;
				CURRENT_PROJECT_VERSION = 1;
				DEVELOPMENT_ASSET_PATHS = "\"AnimationPlayer/Resources/Preview Content\"";
				DEVELOPMENT_TEAM = "";
				ENABLE_PREVIEWS = YES;
				GENERATE_INFOPLIST_FILE = YES;
				INFOPLIST_FILE = AnimationPlayer/Info.plist;
				INFOPLIST_KEY_NSHumanReadableCopyright = "";
				LD_RUNPATH_SEARCH_PATHS = (
					"$(inherited)",
					"@executable_path/../Frameworks",
				);
				MACOSX_DEPLOYMENT_TARGET = 14.0;
				MARKETING_VERSION = 0.1.0;
				PRODUCT_BUNDLE_IDENTIFIER = at.niw.AnimationPlayer;
				PRODUCT_NAME = "$(TARGET_NAME)";
				PROVISIONING_PROFILE_SPECIFIER = "";
				SWIFT_EMIT_LOC_STRINGS = YES;
				SWIFT_VERSION = 5.0;
			};
			name = Debug;
		};
		54860D592B0C3BE800734E63 /* Release */ = {
			isa = XCBuildConfiguration;
			buildSettings = {
				ASSETCATALOG_COMPILER_APPICON_NAME = AppIcon;
				ASSETCATALOG_COMPILER_GLOBAL_ACCENT_COLOR_NAME = AccentColor;
				CODE_SIGN_STYLE = Manual;
				COMBINE_HIDPI_IMAGES = YES;
				CURRENT_PROJECT_VERSION = 1;
				DEVELOPMENT_ASSET_PATHS = "\"AnimationPlayer/Resources/Preview Content\"";
				DEVELOPMENT_TEAM = "";
				ENABLE_PREVIEWS = YES;
				GENERATE_INFOPLIST_FILE = YES;
				INFOPLIST_FILE = AnimationPlayer/Info.plist;
				INFOPLIST_KEY_NSHumanReadableCopyright = "";
				LD_RUNPATH_SEARCH_PATHS = (
					"$(inherited)",
					"@executable_path/../Frameworks",
				);
				MACOSX_DEPLOYMENT_TARGET = 14.0;
				MARKETING_VERSION = 0.1.0;
				PRODUCT_BUNDLE_IDENTIFIER = at.niw.AnimationPlayer;
				PRODUCT_NAME = "$(TARGET_NAME)";
				PROVISIONING_PROFILE_SPECIFIER = "";
				SWIFT_EMIT_LOC_STRINGS = YES;
				SWIFT_VERSION = 5.0;
			};
			name = Release;
		};
/* End XCBuildConfiguration section */

/* Begin XCConfigurationList section */
		54860D432B0C3BE700734E63 /* Build configuration list for PBXProject "AnimationPlayer" */ = {
			isa = XCConfigurationList;
			buildConfigurations = (
				54860D552B0C3BE800734E63 /* Debug */,
				54860D562B0C3BE800734E63 /* Release */,
			);
			defaultConfigurationIsVisible = 0;
			defaultConfigurationName = Release;
		};
		54860D572B0C3BE800734E63 /* Build configuration list for PBXNativeTarget "AnimationPlayer" */ = {
			isa = XCConfigurationList;
			buildConfigurations = (
				54860D582B0C3BE800734E63 /* Debug */,
				54860D592B0C3BE800734E63 /* Release */,
			);
			defaultConfigurationIsVisible = 0;
			defaultConfigurationName = Release;
		};
/* End XCConfigurationList section */
	};
	rootObject = 54860D402B0C3BE700734E63 /* Project object */;
}
